
Microsoft Visual Studio Solution File, Format Version 12.00
# Visual Studio 15
VisualStudioVersion = 15.0.28010.0
MinimumVisualStudioVersion = 10.0.40219.1
Project("{FAE04EC0-301F-11D3-BF4B-00C04F79EFBC}") = "BookStore2", "BookStore2\BookStore2.csproj", "{F3652FC0-0BB6-4463-8708-7D6C2F4CCBAA}"
EndProject
Global
	GlobalSection(SolutionConfigurationPlatforms) = preSolution
		Debug|Any CPU = Debug|Any CPU
		Release|Any CPU = Release|Any CPU
	EndGlobalSection
	GlobalSection(ProjectConfigurationPlatforms) = postSolution
		{F3652FC0-0BB6-4463-8708-7D6C2F4CCBAA}.Debug|Any CPU.ActiveCfg = Debug|Any CPU
		{F3652FC0-0BB6-4463-8708-7D6C2F4CCBAA}.Debug|Any CPU.Build.0 = Debug|Any CPU
		{F3652FC0-0BB6-4463-8708-7D6C2F4CCBAA}.Release|Any CPU.ActiveCfg = Release|Any CPU
		{F3652FC0-0BB6-4463-8708-7D6C2F4CCBAA}.Release|Any CPU.Build.0 = Release|Any CPU
	EndGlobalSection
	GlobalSection(SolutionProperties) = preSolution
		HideSolutionNode = FALSE
	EndGlobalSection
	GlobalSection(ExtensibilityGlobals) = postSolution
		SolutionGuid = {2D631309-8DFD-436E-9F3E-E9174AF56F59}
	EndGlobalSection
EndGlobal
